
Microsoft Visual Studio Solution File, Format Version 12.00
# Visual Studio Version 17
VisualStudioVersion = 17.9.34902.65
MinimumVisualStudioVersion = 10.0.40219.1
Project("{FAE04EC0-301F-11D3-BF4B-00C04F79EFBC}") = "AlgorithmConsole", "AlgorithmConsole\AlgorithmConsole.csproj", "{22893218-BB9A-40DA-A840-761B8C41496B}"
EndProject
Project("{FAE04EC0-301F-11D3-BF4B-00C04F79EFBC}") = "APITask", "APITask\APITask.csproj", "{5C22A855-4D7F-4785-AF61-8D87C3560C14}"
EndProject
Global
	GlobalSection(SolutionConfigurationPlatforms) = preSolution
		Debug|Any CPU = Debug|Any CPU
		Release|Any CPU = Release|Any CPU
	EndGlobalSection
	GlobalSection(ProjectConfigurationPlatforms) = postSolution
		{22893218-BB9A-40DA-A840-761B8C41496B}.Debug|Any CPU.ActiveCfg = Debug|Any CPU
		{22893218-BB9A-40DA-A840-761B8C41496B}.Debug|Any CPU.Build.0 = Debug|Any CPU
		{22893218-BB9A-40DA-A840-761B8C41496B}.Release|Any CPU.ActiveCfg = Release|Any CPU
		{22893218-BB9A-40DA-A840-761B8C41496B}.Release|Any CPU.Build.0 = Release|Any CPU
		{5C22A855-4D7F-4785-AF61-8D87C3560C14}.Debug|Any CPU.ActiveCfg = Debug|Any CPU
		{5C22A855-4D7F-4785-AF61-8D87C3560C14}.Debug|Any CPU.Build.0 = Debug|Any CPU
		{5C22A855-4D7F-4785-AF61-8D87C3560C14}.Release|Any CPU.ActiveCfg = Release|Any CPU
		{5C22A855-4D7F-4785-AF61-8D87C3560C14}.Release|Any CPU.Build.0 = Release|Any CPU
	EndGlobalSection
	GlobalSection(SolutionProperties) = preSolution
		HideSolutionNode = FALSE
	EndGlobalSection
	GlobalSection(ExtensibilityGlobals) = postSolution
		SolutionGuid = {17DFED7F-10CA-4657-941C-E8E2AC6B86E1}
	EndGlobalSection
EndGlobal
